
Microsoft Visual Studio Solution File, Format Version 12.00
# Visual Studio Version 17
VisualStudioVersion = 17.9.34622.214
MinimumVisualStudioVersion = 10.0.40219.1
Project("{9A19103F-16F7-4668-BE54-9A1E7A4F7556}") = "Mifare1kTest", "Mifare1kTest.csproj", "{17691080-B009-4067-AD0C-B53262274F55}"
EndProject
Global
	GlobalSection(SolutionConfigurationPlatforms) = preSolution
		Debug|Any CPU = Debug|Any CPU
		Release|Any CPU = Release|Any CPU
	EndGlobalSection
	GlobalSection(ProjectConfigurationPlatforms) = postSolution
		{17691080-B009-4067-AD0C-B53262274F55}.Debug|Any CPU.ActiveCfg = Debug|Any CPU
		{17691080-B009-4067-AD0C-B53262274F55}.Debug|Any CPU.Build.0 = Debug|Any CPU
		{17691080-B009-4067-AD0C-B53262274F55}.Release|Any CPU.ActiveCfg = Release|Any CPU
		{17691080-B009-4067-AD0C-B53262274F55}.Release|Any CPU.Build.0 = Release|Any CPU
	EndGlobalSection
	GlobalSection(SolutionProperties) = preSolution
		HideSolutionNode = FALSE
	EndGlobalSection
	GlobalSection(ExtensibilityGlobals) = postSolution
		SolutionGuid = {46A15387-AA54-47CF-AAC6-637301AB7C61}
	EndGlobalSection
EndGlobal
